// !$*UTF8*$!
{
	archiveVersion = 1;
	classes = {
	};
	objectVersion = 56;
	objects = {

/* Begin PBXBuildFile section */
		E902337F2988D36C00CDA6E1 /* SwiftySandboxFileAccess in Frameworks */ = {isa = PBXBuildFile; productRef = E902337E2988D36C00CDA6E1 /* SwiftySandboxFileAccess */; };
		E902338129895B1800CDA6E1 /* DataImportView.swift in Sources */ = {isa = PBXBuildFile; fileRef = E902338029895B1800CDA6E1 /* DataImportView.swift */; };
		E90233832989777B00CDA6E1 /* ApplicationError.swift in Sources */ = {isa = PBXBuildFile; fileRef = E90233822989777B00CDA6E1 /* ApplicationError.swift */; };
		E90233852989A53400CDA6E1 /* HotkeyNames.swift in Sources */ = {isa = PBXBuildFile; fileRef = E90233842989A53400CDA6E1 /* HotkeyNames.swift */; };
		E90233872989AD7A00CDA6E1 /* DockWindowToggleController.swift in Sources */ = {isa = PBXBuildFile; fileRef = E90233862989AD7A00CDA6E1 /* DockWindowToggleController.swift */; };
		E902338A2989B12B00CDA6E1 /* DockWindowController.swift in Sources */ = {isa = PBXBuildFile; fileRef = E90233892989B12B00CDA6E1 /* DockWindowController.swift */; };
		E902338E298A33B200CDA6E1 /* DockView.swift in Sources */ = {isa = PBXBuildFile; fileRef = E902338D298A33B200CDA6E1 /* DockView.swift */; };
		E9023390298ACD7A00CDA6E1 /* DockEntry+image.swift in Sources */ = {isa = PBXBuildFile; fileRef = E902338F298ACD7A00CDA6E1 /* DockEntry+image.swift */; };
		E9023393298C37D800CDA6E1 /* DockItemView.swift in Sources */ = {isa = PBXBuildFile; fileRef = E9023392298C37D800CDA6E1 /* DockItemView.swift */; };
		E9023396298C4C5000CDA6E1 /* SandboxFileAccess+shared.swift in Sources */ = {isa = PBXBuildFile; fileRef = E9023395298C4C5000CDA6E1 /* SandboxFileAccess+shared.swift */; };
		E9023399298CDF5500CDA6E1 /* NSApplication+standardPanel.swift in Sources */ = {isa = PBXBuildFile; fileRef = E9023398298CDF5500CDA6E1 /* NSApplication+standardPanel.swift */; };
		E935FB9429917F880017FDB9 /* ApplicationLauncher.swift in Sources */ = {isa = PBXBuildFile; fileRef = E935FB9329917F880017FDB9 /* ApplicationLauncher.swift */; };
		E947E5AF298CF03200314F44 /* Credits.rtf in Resources */ = {isa = PBXBuildFile; fileRef = E947E5AE298CF03200314F44 /* Credits.rtf */; };
		E947E5B6298D2CCB00314F44 /* OnboardingWindowController.swift in Sources */ = {isa = PBXBuildFile; fileRef = E947E5B5298D2CCB00314F44 /* OnboardingWindowController.swift */; };
		E947E5B8298D553E00314F44 /* OnboardingPageController.swift in Sources */ = {isa = PBXBuildFile; fileRef = E947E5B7298D553E00314F44 /* OnboardingPageController.swift */; };
		E947E5BB298D581E00314F44 /* DTOnboarding in Frameworks */ = {isa = PBXBuildFile; productRef = E947E5BA298D581E00314F44 /* DTOnboarding */; };
		E947E5BE298DB24C00314F44 /* ImportDockConfigurationView.swift in Sources */ = {isa = PBXBuildFile; fileRef = E947E5BD298DB24C00314F44 /* ImportDockConfigurationView.swift */; };
		E947E5C0298E477E00314F44 /* DockModel+filteredData.swift in Sources */ = {isa = PBXBuildFile; fileRef = E947E5BF298E477E00314F44 /* DockModel+filteredData.swift */; };
		E947E5C2298E492200314F44 /* GrantPermissionsToDirectoriesView.swift in Sources */ = {isa = PBXBuildFile; fileRef = E947E5C1298E492200314F44 /* GrantPermissionsToDirectoriesView.swift */; };
		E947E5C4298ECA0100314F44 /* URL+identifiable.swift in Sources */ = {isa = PBXBuildFile; fileRef = E947E5C3298ECA0100314F44 /* URL+identifiable.swift */; };
		E947E5C6298ECE7700314F44 /* DefineHotkeyView.swift in Sources */ = {isa = PBXBuildFile; fileRef = E947E5C5298ECE7700314F44 /* DefineHotkeyView.swift */; };
		E947E5C8298F055800314F44 /* LaunchAtLogingView.swift in Sources */ = {isa = PBXBuildFile; fileRef = E947E5C7298F055800314F44 /* LaunchAtLogingView.swift */; };
		E947E5CA298F06CB00314F44 /* OnboardingSummaryView.swift in Sources */ = {isa = PBXBuildFile; fileRef = E947E5C9298F06CB00314F44 /* OnboardingSummaryView.swift */; };
		E947E5CC298FB77800314F44 /* Navigatable.swift in Sources */ = {isa = PBXBuildFile; fileRef = E947E5CB298FB77800314F44 /* Navigatable.swift */; };
		E9D10283298678030045D9B0 /* FloatingDockApp.swift in Sources */ = {isa = PBXBuildFile; fileRef = E9D10282298678030045D9B0 /* FloatingDockApp.swift */; };
		E9D10287298678040045D9B0 /* Assets.xcassets in Resources */ = {isa = PBXBuildFile; fileRef = E9D10286298678040045D9B0 /* Assets.xcassets */; };
		E9D1028A298678040045D9B0 /* Preview Assets.xcassets in Resources */ = {isa = PBXBuildFile; fileRef = E9D10289298678040045D9B0 /* Preview Assets.xcassets */; };
		E9D10297298683370045D9B0 /* SettingsView.swift in Sources */ = {isa = PBXBuildFile; fileRef = E9D10296298683370045D9B0 /* SettingsView.swift */; };
		E9D1029B298688700045D9B0 /* SettingsHeaderView.swift in Sources */ = {isa = PBXBuildFile; fileRef = E9D1029A298688700045D9B0 /* SettingsHeaderView.swift */; };
		E9D102A129878E6A0045D9B0 /* SwiftKeys in Frameworks */ = {isa = PBXBuildFile; productRef = E9D102A029878E6A0045D9B0 /* SwiftKeys */; };
		E9D102A429878E970045D9B0 /* LaunchAtLogin in Frameworks */ = {isa = PBXBuildFile; productRef = E9D102A329878E970045D9B0 /* LaunchAtLogin */; };
		E9D102A8298790680045D9B0 /* GeneralSettingsView.swift in Sources */ = {isa = PBXBuildFile; fileRef = E9D102A7298790680045D9B0 /* GeneralSettingsView.swift */; };
		E9D102AC298795D90045D9B0 /* Bundle+versions.swift in Sources */ = {isa = PBXBuildFile; fileRef = E9D102AB298795D90045D9B0 /* Bundle+versions.swift */; };
		E9D102B32987DBD30045D9B0 /* SettingsModel.swift in Sources */ = {isa = PBXBuildFile; fileRef = E9D102B22987DBD30045D9B0 /* SettingsModel.swift */; };
		E9D102B6298851220045D9B0 /* DockEntry.swift in Sources */ = {isa = PBXBuildFile; fileRef = E9D102B5298851220045D9B0 /* DockEntry.swift */; };
		E9D102B8298852750045D9B0 /* DockModel.swift in Sources */ = {isa = PBXBuildFile; fileRef = E9D102B7298852750045D9B0 /* DockModel.swift */; };
		E9D102BA298852F60045D9B0 /* DockModelProvider.swift in Sources */ = {isa = PBXBuildFile; fileRef = E9D102B9298852F60045D9B0 /* DockModelProvider.swift */; };
		E9D102BE298855C40045D9B0 /* DockModelProvider+importDockSettings.swift in Sources */ = {isa = PBXBuildFile; fileRef = E9D102BD298855C40045D9B0 /* DockModelProvider+importDockSettings.swift */; };
		E9D102C0298856790045D9B0 /* URL+locations.swift in Sources */ = {isa = PBXBuildFile; fileRef = E9D102BF298856790045D9B0 /* URL+locations.swift */; };
/* End PBXBuildFile section */

/* Begin PBXFileReference section */
		E902338029895B1800CDA6E1 /* DataImportView.swift */ = {isa = PBXFileReference; lastKnownFileType = sourcecode.swift; path = DataImportView.swift; sourceTree = "<group>"; };
		E90233822989777B00CDA6E1 /* ApplicationError.swift */ = {isa = PBXFileReference; lastKnownFileType = sourcecode.swift; path = ApplicationError.swift; sourceTree = "<group>"; };
		E90233842989A53400CDA6E1 /* HotkeyNames.swift */ = {isa = PBXFileReference; lastKnownFileType = sourcecode.swift; path = HotkeyNames.swift; sourceTree = "<group>"; };
		E90233862989AD7A00CDA6E1 /* DockWindowToggleController.swift */ = {isa = PBXFileReference; lastKnownFileType = sourcecode.swift; path = DockWindowToggleController.swift; sourceTree = "<group>"; };
		E90233892989B12B00CDA6E1 /* DockWindowController.swift */ = {isa = PBXFileReference; lastKnownFileType = sourcecode.swift; path = DockWindowController.swift; sourceTree = "<group>"; };
		E902338D298A33B200CDA6E1 /* DockView.swift */ = {isa = PBXFileReference; lastKnownFileType = sourcecode.swift; path = DockView.swift; sourceTree = "<group>"; };
		E902338F298ACD7A00CDA6E1 /* DockEntry+image.swift */ = {isa = PBXFileReference; lastKnownFileType = sourcecode.swift; path = "DockEntry+image.swift"; sourceTree = "<group>"; };
		E9023392298C37D800CDA6E1 /* DockItemView.swift */ = {isa = PBXFileReference; lastKnownFileType = sourcecode.swift; path = DockItemView.swift; sourceTree = "<group>"; };
		E9023395298C4C5000CDA6E1 /* SandboxFileAccess+shared.swift */ = {isa = PBXFileReference; lastKnownFileType = sourcecode.swift; path = "SandboxFileAccess+shared.swift"; sourceTree = "<group>"; };
		E9023398298CDF5500CDA6E1 /* NSApplication+standardPanel.swift */ = {isa = PBXFileReference; lastKnownFileType = sourcecode.swift; path = "NSApplication+standardPanel.swift"; sourceTree = "<group>"; };
		E935FB9329917F880017FDB9 /* ApplicationLauncher.swift */ = {isa = PBXFileReference; lastKnownFileType = sourcecode.swift; path = ApplicationLauncher.swift; sourceTree = "<group>"; };
		E947E5AE298CF03200314F44 /* Credits.rtf */ = {isa = PBXFileReference; fileEncoding = 4; lastKnownFileType = text.rtf; path = Credits.rtf; sourceTree = "<group>"; };
		E947E5B5298D2CCB00314F44 /* OnboardingWindowController.swift */ = {isa = PBXFileReference; lastKnownFileType = sourcecode.swift; path = OnboardingWindowController.swift; sourceTree = "<group>"; };
		E947E5B7298D553E00314F44 /* OnboardingPageController.swift */ = {isa = PBXFileReference; lastKnownFileType = sourcecode.swift; path = OnboardingPageController.swift; sourceTree = "<group>"; };
		E947E5BD298DB24C00314F44 /* ImportDockConfigurationView.swift */ = {isa = PBXFileReference; lastKnownFileType = sourcecode.swift; path = ImportDockConfigurationView.swift; sourceTree = "<group>"; };
		E947E5BF298E477E00314F44 /* DockModel+filteredData.swift */ = {isa = PBXFileReference; lastKnownFileType = sourcecode.swift; path = "DockModel+filteredData.swift"; sourceTree = "<group>"; };
		E947E5C1298E492200314F44 /* GrantPermissionsToDirectoriesView.swift */ = {isa = PBXFileReference; lastKnownFileType = sourcecode.swift; path = GrantPermissionsToDirectoriesView.swift; sourceTree = "<group>"; };
		E947E5C3298ECA0100314F44 /* URL+identifiable.swift */ = {isa = PBXFileReference; lastKnownFileType = sourcecode.swift; path = "URL+identifiable.swift"; sourceTree = "<group>"; };
		E947E5C5298ECE7700314F44 /* DefineHotkeyView.swift */ = {isa = PBXFileReference; lastKnownFileType = sourcecode.swift; path = DefineHotkeyView.swift; sourceTree = "<group>"; };
		E947E5C7298F055800314F44 /* LaunchAtLogingView.swift */ = {isa = PBXFileReference; lastKnownFileType = sourcecode.swift; path = LaunchAtLogingView.swift; sourceTree = "<group>"; };
		E947E5C9298F06CB00314F44 /* OnboardingSummaryView.swift */ = {isa = PBXFileReference; lastKnownFileType = sourcecode.swift; path = OnboardingSummaryView.swift; sourceTree = "<group>"; };
		E947E5CB298FB77800314F44 /* Navigatable.swift */ = {isa = PBXFileReference; lastKnownFileType = sourcecode.swift; path = Navigatable.swift; sourceTree = "<group>"; };
		E947E5CD299058DA00314F44 /* Info.plist */ = {isa = PBXFileReference; lastKnownFileType = text.plist; path = Info.plist; sourceTree = "<group>"; };
		E9D1027F298678030045D9B0 /* FloatingDock.app */ = {isa = PBXFileReference; explicitFileType = wrapper.application; includeInIndex = 0; path = FloatingDock.app; sourceTree = BUILT_PRODUCTS_DIR; };
		E9D10282298678030045D9B0 /* FloatingDockApp.swift */ = {isa = PBXFileReference; lastKnownFileType = sourcecode.swift; path = FloatingDockApp.swift; sourceTree = "<group>"; };
		E9D10286298678040045D9B0 /* Assets.xcassets */ = {isa = PBXFileReference; lastKnownFileType = folder.assetcatalog; path = Assets.xcassets; sourceTree = "<group>"; };
		E9D10289298678040045D9B0 /* Preview Assets.xcassets */ = {isa = PBXFileReference; lastKnownFileType = folder.assetcatalog; path = "Preview Assets.xcassets"; sourceTree = "<group>"; };
		E9D1028B298678040045D9B0 /* FloatingDock.entitlements */ = {isa = PBXFileReference; lastKnownFileType = text.plist.entitlements; path = FloatingDock.entitlements; sourceTree = "<group>"; };
		E9D10296298683370045D9B0 /* SettingsView.swift */ = {isa = PBXFileReference; lastKnownFileType = sourcecode.swift; path = SettingsView.swift; sourceTree = "<group>"; };
		E9D1029A298688700045D9B0 /* SettingsHeaderView.swift */ = {isa = PBXFileReference; lastKnownFileType = sourcecode.swift; path = SettingsHeaderView.swift; sourceTree = "<group>"; };
		E9D1029C298689960045D9B0 /* .gitignore */ = {isa = PBXFileReference; lastKnownFileType = text; path = .gitignore; sourceTree = "<group>"; };
		E9D1029D298689960045D9B0 /* README.md */ = {isa = PBXFileReference; lastKnownFileType = net.daringfireball.markdown; path = README.md; sourceTree = "<group>"; };
		E9D1029E298689960045D9B0 /* LICENSE.md */ = {isa = PBXFileReference; lastKnownFileType = net.daringfireball.markdown; path = LICENSE.md; sourceTree = "<group>"; };
		E9D102A7298790680045D9B0 /* GeneralSettingsView.swift */ = {isa = PBXFileReference; lastKnownFileType = sourcecode.swift; path = GeneralSettingsView.swift; sourceTree = "<group>"; };
		E9D102AB298795D90045D9B0 /* Bundle+versions.swift */ = {isa = PBXFileReference; lastKnownFileType = sourcecode.swift; path = "Bundle+versions.swift"; sourceTree = "<group>"; };
		E9D102B22987DBD30045D9B0 /* SettingsModel.swift */ = {isa = PBXFileReference; lastKnownFileType = sourcecode.swift; path = SettingsModel.swift; sourceTree = "<group>"; };
		E9D102B5298851220045D9B0 /* DockEntry.swift */ = {isa = PBXFileReference; lastKnownFileType = sourcecode.swift; path = DockEntry.swift; sourceTree = "<group>"; };
		E9D102B7298852750045D9B0 /* DockModel.swift */ = {isa = PBXFileReference; lastKnownFileType = sourcecode.swift; path = DockModel.swift; sourceTree = "<group>"; };
		E9D102B9298852F60045D9B0 /* DockModelProvider.swift */ = {isa = PBXFileReference; lastKnownFileType = sourcecode.swift; path = DockModelProvider.swift; sourceTree = "<group>"; };
		E9D102BD298855C40045D9B0 /* DockModelProvider+importDockSettings.swift */ = {isa = PBXFileReference; lastKnownFileType = sourcecode.swift; path = "DockModelProvider+importDockSettings.swift"; sourceTree = "<group>"; };
		E9D102BF298856790045D9B0 /* URL+locations.swift */ = {isa = PBXFileReference; lastKnownFileType = sourcecode.swift; path = "URL+locations.swift"; sourceTree = "<group>"; };
/* End PBXFileReference section */

/* Begin PBXFrameworksBuildPhase section */
		E9D1027C298678030045D9B0 /* Frameworks */ = {
			isa = PBXFrameworksBuildPhase;
			buildActionMask = 2147483647;
			files = (
				E9D102A429878E970045D9B0 /* LaunchAtLogin in Frameworks */,
				E9D102A129878E6A0045D9B0 /* SwiftKeys in Frameworks */,
				E902337F2988D36C00CDA6E1 /* SwiftySandboxFileAccess in Frameworks */,
				E947E5BB298D581E00314F44 /* DTOnboarding in Frameworks */,
			);
			runOnlyForDeploymentPostprocessing = 0;
		};
/* End PBXFrameworksBuildPhase section */

/* Begin PBXGroup section */
		E90233882989AE9500CDA6E1 /* DockWindow */ = {
			isa = PBXGroup;
			children = (
				E90233862989AD7A00CDA6E1 /* DockWindowToggleController.swift */,
				E90233892989B12B00CDA6E1 /* DockWindowController.swift */,
				E935FB9329917F880017FDB9 /* ApplicationLauncher.swift */,
			);
			path = DockWindow;
			sourceTree = "<group>";
		};
		E9023391298C37B700CDA6E1 /* Dock */ = {
			isa = PBXGroup;
			children = (
				E902338D298A33B200CDA6E1 /* DockView.swift */,
				E9023392298C37D800CDA6E1 /* DockItemView.swift */,
			);
			path = Dock;
			sourceTree = "<group>";
		};
		E9023394298C4C2E00CDA6E1 /* SwiftySandboxFileAccess */ = {
			isa = PBXGroup;
			children = (
				E9023395298C4C5000CDA6E1 /* SandboxFileAccess+shared.swift */,
			);
			path = SwiftySandboxFileAccess;
			sourceTree = "<group>";
		};
		E9023397298CDF3100CDA6E1 /* AppKit */ = {
			isa = PBXGroup;
			children = (
				E9023398298CDF5500CDA6E1 /* NSApplication+standardPanel.swift */,
			);
			path = AppKit;
			sourceTree = "<group>";
		};
		E947E5B3298D2BC600314F44 /* Windows */ = {
			isa = PBXGroup;
			children = (
				E947E5B4298D2C9C00314F44 /* Onboarding */,
				E90233882989AE9500CDA6E1 /* DockWindow */,
			);
			path = Windows;
			sourceTree = "<group>";
		};
		E947E5B4298D2C9C00314F44 /* Onboarding */ = {
			isa = PBXGroup;
			children = (
				E947E5B5298D2CCB00314F44 /* OnboardingWindowController.swift */,
				E947E5B7298D553E00314F44 /* OnboardingPageController.swift */,
				E947E5CB298FB77800314F44 /* Navigatable.swift */,
			);
			path = Onboarding;
			sourceTree = "<group>";
		};
		E947E5BC298DB1E400314F44 /* Onboarding */ = {
			isa = PBXGroup;
			children = (
				E947E5BD298DB24C00314F44 /* ImportDockConfigurationView.swift */,
				E947E5C1298E492200314F44 /* GrantPermissionsToDirectoriesView.swift */,
				E947E5C5298ECE7700314F44 /* DefineHotkeyView.swift */,
				E947E5C7298F055800314F44 /* LaunchAtLogingView.swift */,
				E947E5C9298F06CB00314F44 /* OnboardingSummaryView.swift */,
			);
			path = Onboarding;
			sourceTree = "<group>";
		};
		E9D10276298678030045D9B0 = {
			isa = PBXGroup;
			children = (
				E9D1029C298689960045D9B0 /* .gitignore */,
				E9D1029E298689960045D9B0 /* LICENSE.md */,
				E9D1029D298689960045D9B0 /* README.md */,
				E9D10281298678030045D9B0 /* FloatingDock */,
				E9D10280298678030045D9B0 /* Products */,
			);
			sourceTree = "<group>";
		};
		E9D10280298678030045D9B0 /* Products */ = {
			isa = PBXGroup;
			children = (
				E9D1027F298678030045D9B0 /* FloatingDock.app */,
			);
			name = Products;
			sourceTree = "<group>";
		};
		E9D10281298678030045D9B0 /* FloatingDock */ = {
			isa = PBXGroup;
			children = (
				E947E5CD299058DA00314F44 /* Info.plist */,
				E9D102912986801F0045D9B0 /* Sources */,
				E9D10294298680440045D9B0 /* Resources */,
				E9D10288298678040045D9B0 /* Preview Content */,
			);
			path = FloatingDock;
			sourceTree = "<group>";
		};
		E9D10288298678040045D9B0 /* Preview Content */ = {
			isa = PBXGroup;
			children = (
				E9D10289298678040045D9B0 /* Preview Assets.xcassets */,
			);
			path = "Preview Content";
			sourceTree = "<group>";
		};
		E9D102912986801F0045D9B0 /* Sources */ = {
			isa = PBXGroup;
			children = (
				E9D102922986802E0045D9B0 /* Application */,
				E9D102A9298795B20045D9B0 /* Extensions */,
				E9D102B12987DBBC0045D9B0 /* Model */,
				E9D10295298683230045D9B0 /* Views */,
				E947E5B3298D2BC600314F44 /* Windows */,
			);
			path = Sources;
			sourceTree = "<group>";
		};
		E9D102922986802E0045D9B0 /* Application */ = {
			isa = PBXGroup;
			children = (
				E9D10282298678030045D9B0 /* FloatingDockApp.swift */,
				E90233822989777B00CDA6E1 /* ApplicationError.swift */,
				E90233842989A53400CDA6E1 /* HotkeyNames.swift */,
			);
			path = Application;
			sourceTree = "<group>";
		};
		E9D10294298680440045D9B0 /* Resources */ = {
			isa = PBXGroup;
			children = (
				E947E5AE298CF03200314F44 /* Credits.rtf */,
				E9D10286298678040045D9B0 /* Assets.xcassets */,
				E9D1028B298678040045D9B0 /* FloatingDock.entitlements */,
			);
			name = Resources;
			sourceTree = "<group>";
		};
		E9D10295298683230045D9B0 /* Views */ = {
			isa = PBXGroup;
			children = (
				E902338029895B1800CDA6E1 /* DataImportView.swift */,
				E9023391298C37B700CDA6E1 /* Dock */,
				E947E5BC298DB1E400314F44 /* Onboarding */,
				E9D102982986884B0045D9B0 /* Settings */,
			);
			path = Views;
			sourceTree = "<group>";
		};
		E9D102982986884B0045D9B0 /* Settings */ = {
			isa = PBXGroup;
			children = (
				E9D10296298683370045D9B0 /* SettingsView.swift */,
				E9D10299298688580045D9B0 /* Subviews */,
			);
			path = Settings;
			sourceTree = "<group>";
		};
		E9D10299298688580045D9B0 /* Subviews */ = {
			isa = PBXGroup;
			children = (
				E9D1029A298688700045D9B0 /* SettingsHeaderView.swift */,
				E9D102A7298790680045D9B0 /* GeneralSettingsView.swift */,
			);
			path = Subviews;
			sourceTree = "<group>";
		};
		E9D102A9298795B20045D9B0 /* Extensions */ = {
			isa = PBXGroup;
			children = (
				E9023397298CDF3100CDA6E1 /* AppKit */,
				E9D102AA298795C20045D9B0 /* Foundation */,
				E9023394298C4C2E00CDA6E1 /* SwiftySandboxFileAccess */,
			);
			path = Extensions;
			sourceTree = "<group>";
		};
		E9D102AA298795C20045D9B0 /* Foundation */ = {
			isa = PBXGroup;
			children = (
				E9D102AB298795D90045D9B0 /* Bundle+versions.swift */,
				E9D102BF298856790045D9B0 /* URL+locations.swift */,
				E947E5C3298ECA0100314F44 /* URL+identifiable.swift */,
			);
			path = Foundation;
			sourceTree = "<group>";
		};
		E9D102B12987DBBC0045D9B0 /* Model */ = {
			isa = PBXGroup;
			children = (
				E9D102B22987DBD30045D9B0 /* SettingsModel.swift */,
				E9D102B4298850FF0045D9B0 /* Dock */,
			);
			path = Model;
			sourceTree = "<group>";
		};
		E9D102B4298850FF0045D9B0 /* Dock */ = {
			isa = PBXGroup;
			children = (
				E9D102B7298852750045D9B0 /* DockModel.swift */,
				E947E5BF298E477E00314F44 /* DockModel+filteredData.swift */,
				E9D102B5298851220045D9B0 /* DockEntry.swift */,
				E902338F298ACD7A00CDA6E1 /* DockEntry+image.swift */,
				E9D102B9298852F60045D9B0 /* DockModelProvider.swift */,
				E9D102BD298855C40045D9B0 /* DockModelProvider+importDockSettings.swift */,
			);
			path = Dock;
			sourceTree = "<group>";
		};
/* End PBXGroup section */

/* Begin PBXNativeTarget section */
		E9D1027E298678030045D9B0 /* FloatingDock */ = {
			isa = PBXNativeTarget;
			buildConfigurationList = E9D1028E298678040045D9B0 /* Build configuration list for PBXNativeTarget "FloatingDock" */;
			buildPhases = (
				E9D1027B298678030045D9B0 /* Sources */,
				E9D1027C298678030045D9B0 /* Frameworks */,
				E9D1027D298678030045D9B0 /* Resources */,
			);
			buildRules = (
			);
			dependencies = (
			);
			name = FloatingDock;
			packageProductDependencies = (
				E9D102A029878E6A0045D9B0 /* SwiftKeys */,
				E9D102A329878E970045D9B0 /* LaunchAtLogin */,
				E902337E2988D36C00CDA6E1 /* SwiftySandboxFileAccess */,
				E947E5BA298D581E00314F44 /* DTOnboarding */,
			);
			productName = FloatingDock;
			productReference = E9D1027F298678030045D9B0 /* FloatingDock.app */;
			productType = "com.apple.product-type.application";
		};
/* End PBXNativeTarget section */

/* Begin PBXProject section */
		E9D10277298678030045D9B0 /* Project object */ = {
			isa = PBXProject;
			attributes = {
				BuildIndependentTargetsInParallel = 1;
				LastSwiftUpdateCheck = 1420;
				LastUpgradeCheck = 1420;
				TargetAttributes = {
					E9D1027E298678030045D9B0 = {
						CreatedOnToolsVersion = 14.2;
					};
				};
			};
			buildConfigurationList = E9D1027A298678030045D9B0 /* Build configuration list for PBXProject "FloatingDock" */;
			compatibilityVersion = "Xcode 14.0";
			developmentRegion = en;
			hasScannedForEncodings = 0;
			knownRegions = (
				en,
				Base,
			);
			mainGroup = E9D10276298678030045D9B0;
			packageReferences = (
				E9D1029F29878E6A0045D9B0 /* XCRemoteSwiftPackageReference "SwiftKeys" */,
				E9D102A229878E970045D9B0 /* XCRemoteSwiftPackageReference "LaunchAtLogin-Modern" */,
				E902337D2988D36C00CDA6E1 /* XCRemoteSwiftPackageReference "SwiftySandboxFileAccess" */,
				E947E5B9298D581E00314F44 /* XCRemoteSwiftPackageReference "DTOnboarding" */,
			);
			productRefGroup = E9D10280298678030045D9B0 /* Products */;
			projectDirPath = "";
			projectRoot = "";
			targets = (
				E9D1027E298678030045D9B0 /* FloatingDock */,
			);
		};
/* End PBXProject section */

/* Begin PBXResourcesBuildPhase section */
		E9D1027D298678030045D9B0 /* Resources */ = {
			isa = PBXResourcesBuildPhase;
			buildActionMask = 2147483647;
			files = (
				E9D1028A298678040045D9B0 /* Preview Assets.xcassets in Resources */,
				E9D10287298678040045D9B0 /* Assets.xcassets in Resources */,
				E947E5AF298CF03200314F44 /* Credits.rtf in Resources */,
			);
			runOnlyForDeploymentPostprocessing = 0;
		};
/* End PBXResourcesBuildPhase section */

/* Begin PBXSourcesBuildPhase section */
		E9D1027B298678030045D9B0 /* Sources */ = {
			isa = PBXSourcesBuildPhase;
			buildActionMask = 2147483647;
			files = (
				E9D102B8298852750045D9B0 /* DockModel.swift in Sources */,
				E902338E298A33B200CDA6E1 /* DockView.swift in Sources */,
				E947E5B6298D2CCB00314F44 /* OnboardingWindowController.swift in Sources */,
				E947E5C6298ECE7700314F44 /* DefineHotkeyView.swift in Sources */,
				E947E5B8298D553E00314F44 /* OnboardingPageController.swift in Sources */,
				E947E5BE298DB24C00314F44 /* ImportDockConfigurationView.swift in Sources */,
				E947E5C8298F055800314F44 /* LaunchAtLogingView.swift in Sources */,
				E902338129895B1800CDA6E1 /* DataImportView.swift in Sources */,
				E9D102B32987DBD30045D9B0 /* SettingsModel.swift in Sources */,
				E9D102C0298856790045D9B0 /* URL+locations.swift in Sources */,
				E902338A2989B12B00CDA6E1 /* DockWindowController.swift in Sources */,
				E947E5CA298F06CB00314F44 /* OnboardingSummaryView.swift in Sources */,
				E90233852989A53400CDA6E1 /* HotkeyNames.swift in Sources */,
				E9D102BE298855C40045D9B0 /* DockModelProvider+importDockSettings.swift in Sources */,
				E947E5CC298FB77800314F44 /* Navigatable.swift in Sources */,
				E9023399298CDF5500CDA6E1 /* NSApplication+standardPanel.swift in Sources */,
				E90233872989AD7A00CDA6E1 /* DockWindowToggleController.swift in Sources */,
				E9023393298C37D800CDA6E1 /* DockItemView.swift in Sources */,
				E9023396298C4C5000CDA6E1 /* SandboxFileAccess+shared.swift in Sources */,
				E9D102B6298851220045D9B0 /* DockEntry.swift in Sources */,
				E9D102AC298795D90045D9B0 /* Bundle+versions.swift in Sources */,
				E9D102BA298852F60045D9B0 /* DockModelProvider.swift in Sources */,
				E9023390298ACD7A00CDA6E1 /* DockEntry+image.swift in Sources */,
				E947E5C0298E477E00314F44 /* DockModel+filteredData.swift in Sources */,
				E9D1029B298688700045D9B0 /* SettingsHeaderView.swift in Sources */,
				E9D102A8298790680045D9B0 /* GeneralSettingsView.swift in Sources */,
				E935FB9429917F880017FDB9 /* ApplicationLauncher.swift in Sources */,
				E9D10283298678030045D9B0 /* FloatingDockApp.swift in Sources */,
				E947E5C2298E492200314F44 /* GrantPermissionsToDirectoriesView.swift in Sources */,
				E9D10297298683370045D9B0 /* SettingsView.swift in Sources */,
				E90233832989777B00CDA6E1 /* ApplicationError.swift in Sources */,
				E947E5C4298ECA0100314F44 /* URL+identifiable.swift in Sources */,
			);
			runOnlyForDeploymentPostprocessing = 0;
		};
/* End PBXSourcesBuildPhase section */

/* Begin XCBuildConfiguration section */
		E9D1028C298678040045D9B0 /* Debug */ = {
			isa = XCBuildConfiguration;
			buildSettings = {
				ALWAYS_SEARCH_USER_PATHS = NO;
				CLANG_ANALYZER_NONNULL = YES;
				CLANG_ANALYZER_NUMBER_OBJECT_CONVERSION = YES_AGGRESSIVE;
				CLANG_CXX_LANGUAGE_STANDARD = "gnu++20";
				CLANG_ENABLE_MODULES = YES;
				CLANG_ENABLE_OBJC_ARC = YES;
				CLANG_ENABLE_OBJC_WEAK = YES;
				CLANG_WARN_BLOCK_CAPTURE_AUTORELEASING = YES;
				CLANG_WARN_BOOL_CONVERSION = YES;
				CLANG_WARN_COMMA = YES;
				CLANG_WARN_CONSTANT_CONVERSION = YES;
				CLANG_WARN_DEPRECATED_OBJC_IMPLEMENTATIONS = YES;
				CLANG_WARN_DIRECT_OBJC_ISA_USAGE = YES_ERROR;
				CLANG_WARN_DOCUMENTATION_COMMENTS = YES;
				CLANG_WARN_EMPTY_BODY = YES;
				CLANG_WARN_ENUM_CONVERSION = YES;
				CLANG_WARN_INFINITE_RECURSION = YES;
				CLANG_WARN_INT_CONVERSION = YES;
				CLANG_WARN_NON_LITERAL_NULL_CONVERSION = YES;
				CLANG_WARN_OBJC_IMPLICIT_RETAIN_SELF = YES;
				CLANG_WARN_OBJC_LITERAL_CONVERSION = YES;
				CLANG_WARN_OBJC_ROOT_CLASS = YES_ERROR;
				CLANG_WARN_QUOTED_INCLUDE_IN_FRAMEWORK_HEADER = YES;
				CLANG_WARN_RANGE_LOOP_ANALYSIS = YES;
				CLANG_WARN_STRICT_PROTOTYPES = YES;
				CLANG_WARN_SUSPICIOUS_MOVE = YES;
				CLANG_WARN_UNGUARDED_AVAILABILITY = YES_AGGRESSIVE;
				CLANG_WARN_UNREACHABLE_CODE = YES;
				CLANG_WARN__DUPLICATE_METHOD_MATCH = YES;
				COPY_PHASE_STRIP = NO;
				DEBUG_INFORMATION_FORMAT = dwarf;
				ENABLE_STRICT_OBJC_MSGSEND = YES;
				ENABLE_TESTABILITY = YES;
				GCC_C_LANGUAGE_STANDARD = gnu11;
				GCC_DYNAMIC_NO_PIC = NO;
				GCC_NO_COMMON_BLOCKS = YES;
				GCC_OPTIMIZATION_LEVEL = 0;
				GCC_PREPROCESSOR_DEFINITIONS = (
					"DEBUG=1",
					"$(inherited)",
				);
				GCC_WARN_64_TO_32_BIT_CONVERSION = YES;
				GCC_WARN_ABOUT_RETURN_TYPE = YES_ERROR;
				GCC_WARN_UNDECLARED_SELECTOR = YES;
				GCC_WARN_UNINITIALIZED_AUTOS = YES_AGGRESSIVE;
				GCC_WARN_UNUSED_FUNCTION = YES;
				GCC_WARN_UNUSED_VARIABLE = YES;
				MACOSX_DEPLOYMENT_TARGET = 13.1;
				MTL_ENABLE_DEBUG_INFO = INCLUDE_SOURCE;
				MTL_FAST_MATH = YES;
				ONLY_ACTIVE_ARCH = YES;
				SDKROOT = macosx;
				SWIFT_ACTIVE_COMPILATION_CONDITIONS = DEBUG;
				SWIFT_OPTIMIZATION_LEVEL = "-Onone";
			};
			name = Debug;
		};
		E9D1028D298678040045D9B0 /* Release */ = {
			isa = XCBuildConfiguration;
			buildSettings = {
				ALWAYS_SEARCH_USER_PATHS = NO;
				CLANG_ANALYZER_NONNULL = YES;
				CLANG_ANALYZER_NUMBER_OBJECT_CONVERSION = YES_AGGRESSIVE;
				CLANG_CXX_LANGUAGE_STANDARD = "gnu++20";
				CLANG_ENABLE_MODULES = YES;
				CLANG_ENABLE_OBJC_ARC = YES;
				CLANG_ENABLE_OBJC_WEAK = YES;
				CLANG_WARN_BLOCK_CAPTURE_AUTORELEASING = YES;
				CLANG_WARN_BOOL_CONVERSION = YES;
				CLANG_WARN_COMMA = YES;
				CLANG_WARN_CONSTANT_CONVERSION = YES;
				CLANG_WARN_DEPRECATED_OBJC_IMPLEMENTATIONS = YES;
				CLANG_WARN_DIRECT_OBJC_ISA_USAGE = YES_ERROR;
				CLANG_WARN_DOCUMENTATION_COMMENTS = YES;
				CLANG_WARN_EMPTY_BODY = YES;
				CLANG_WARN_ENUM_CONVERSION = YES;
				CLANG_WARN_INFINITE_RECURSION = YES;
				CLANG_WARN_INT_CONVERSION = YES;
				CLANG_WARN_NON_LITERAL_NULL_CONVERSION = YES;
				CLANG_WARN_OBJC_IMPLICIT_RETAIN_SELF = YES;
				CLANG_WARN_OBJC_LITERAL_CONVERSION = YES;
				CLANG_WARN_OBJC_ROOT_CLASS = YES_ERROR;
				CLANG_WARN_QUOTED_INCLUDE_IN_FRAMEWORK_HEADER = YES;
				CLANG_WARN_RANGE_LOOP_ANALYSIS = YES;
				CLANG_WARN_STRICT_PROTOTYPES = YES;
				CLANG_WARN_SUSPICIOUS_MOVE = YES;
				CLANG_WARN_UNGUARDED_AVAILABILITY = YES_AGGRESSIVE;
				CLANG_WARN_UNREACHABLE_CODE = YES;
				CLANG_WARN__DUPLICATE_METHOD_MATCH = YES;
				COPY_PHASE_STRIP = NO;
				DEBUG_INFORMATION_FORMAT = "dwarf-with-dsym";
				ENABLE_NS_ASSERTIONS = NO;
				ENABLE_STRICT_OBJC_MSGSEND = YES;
				GCC_C_LANGUAGE_STANDARD = gnu11;
				GCC_NO_COMMON_BLOCKS = YES;
				GCC_WARN_64_TO_32_BIT_CONVERSION = YES;
				GCC_WARN_ABOUT_RETURN_TYPE = YES_ERROR;
				GCC_WARN_UNDECLARED_SELECTOR = YES;
				GCC_WARN_UNINITIALIZED_AUTOS = YES_AGGRESSIVE;
				GCC_WARN_UNUSED_FUNCTION = YES;
				GCC_WARN_UNUSED_VARIABLE = YES;
				MACOSX_DEPLOYMENT_TARGET = 13.1;
				MTL_ENABLE_DEBUG_INFO = NO;
				MTL_FAST_MATH = YES;
				SDKROOT = macosx;
				SWIFT_COMPILATION_MODE = wholemodule;
				SWIFT_OPTIMIZATION_LEVEL = "-O";
			};
			name = Release;
		};
		E9D1028F298678040045D9B0 /* Debug */ = {
			isa = XCBuildConfiguration;
			buildSettings = {
				ASSETCATALOG_COMPILER_APPICON_NAME = AppIcon;
				ASSETCATALOG_COMPILER_GLOBAL_ACCENT_COLOR_NAME = AccentColor;
				CODE_SIGN_ENTITLEMENTS = FloatingDock/FloatingDock.entitlements;
				CODE_SIGN_STYLE = Automatic;
				COMBINE_HIDPI_IMAGES = YES;
				CURRENT_PROJECT_VERSION = 4;
				DEVELOPMENT_ASSET_PATHS = "\"FloatingDock/Preview Content\"";
				DEVELOPMENT_TEAM = GQE994U6EG;
				ENABLE_HARDENED_RUNTIME = YES;
				ENABLE_PREVIEWS = YES;
				GENERATE_INFOPLIST_FILE = YES;
				INFOPLIST_FILE = FloatingDock/Info.plist;
				INFOPLIST_KEY_LSApplicationCategoryType = "public.app-category.utilities";
				INFOPLIST_KEY_LSUIElement = YES;
				INFOPLIST_KEY_NSHumanReadableCopyright = "";
				LD_RUNPATH_SEARCH_PATHS = (
					"$(inherited)",
					"@executable_path/../Frameworks",
				);
				MACOSX_DEPLOYMENT_TARGET = 13.0;
				MARKETING_VERSION = 1;
				PRODUCT_BUNDLE_IDENTIFIER = io.github.FloatingDock;
				PRODUCT_NAME = "$(TARGET_NAME)";
				SWIFT_EMIT_LOC_STRINGS = YES;
				SWIFT_VERSION = 5.0;
				VERSIONING_SYSTEM = "apple-generic";
			};
			name = Debug;
		};
		E9D10290298678040045D9B0 /* Release */ = {
			isa = XCBuildConfiguration;
			buildSettings = {
				ASSETCATALOG_COMPILER_APPICON_NAME = AppIcon;
				ASSETCATALOG_COMPILER_GLOBAL_ACCENT_COLOR_NAME = AccentColor;
				CODE_SIGN_ENTITLEMENTS = FloatingDock/FloatingDock.entitlements;
				CODE_SIGN_STYLE = Automatic;
				COMBINE_HIDPI_IMAGES = YES;
				CURRENT_PROJECT_VERSION = 4;
				DEVELOPMENT_ASSET_PATHS = "\"FloatingDock/Preview Content\"";
				DEVELOPMENT_TEAM = GQE994U6EG;
				ENABLE_HARDENED_RUNTIME = YES;
				ENABLE_PREVIEWS = YES;
				GENERATE_INFOPLIST_FILE = YES;
				INFOPLIST_FILE = FloatingDock/Info.plist;
				INFOPLIST_KEY_LSApplicationCategoryType = "public.app-category.utilities";
				INFOPLIST_KEY_LSUIElement = YES;
				INFOPLIST_KEY_NSHumanReadableCopyright = "";
				LD_RUNPATH_SEARCH_PATHS = (
					"$(inherited)",
					"@executable_path/../Frameworks",
				);
				MACOSX_DEPLOYMENT_TARGET = 13.0;
				MARKETING_VERSION = 1;
				PRODUCT_BUNDLE_IDENTIFIER = io.github.FloatingDock;
				PRODUCT_NAME = "$(TARGET_NAME)";
				SWIFT_EMIT_LOC_STRINGS = YES;
				SWIFT_VERSION = 5.0;
				VERSIONING_SYSTEM = "apple-generic";
			};
			name = Release;
		};
/* End XCBuildConfiguration section */

/* Begin XCConfigurationList section */
		E9D1027A298678030045D9B0 /* Build configuration list for PBXProject "FloatingDock" */ = {
			isa = XCConfigurationList;
			buildConfigurations = (
				E9D1028C298678040045D9B0 /* Debug */,
				E9D1028D298678040045D9B0 /* Release */,
			);
			defaultConfigurationIsVisible = 0;
			defaultConfigurationName = Release;
		};
		E9D1028E298678040045D9B0 /* Build configuration list for PBXNativeTarget "FloatingDock" */ = {
			isa = XCConfigurationList;
			buildConfigurations = (
				E9D1028F298678040045D9B0 /* Debug */,
				E9D10290298678040045D9B0 /* Release */,
			);
			defaultConfigurationIsVisible = 0;
			defaultConfigurationName = Release;
		};
/* End XCConfigurationList section */

/* Begin XCRemoteSwiftPackageReference section */
		E902337D2988D36C00CDA6E1 /* XCRemoteSwiftPackageReference "SwiftySandboxFileAccess" */ = {
			isa = XCRemoteSwiftPackageReference;
			repositoryURL = "https://github.com/ConfusedVorlon/SwiftySandboxFileAccess.git";
			requirement = {
				kind = upToNextMajorVersion;
				minimumVersion = 3.0.0;
			};
		};
		E947E5B9298D581E00314F44 /* XCRemoteSwiftPackageReference "DTOnboarding" */ = {
			isa = XCRemoteSwiftPackageReference;
			repositoryURL = "https://github.com/thbonk/DTOnboarding.git";
			requirement = {
				branch = master;
				kind = branch;
			};
		};
		E9D1029F29878E6A0045D9B0 /* XCRemoteSwiftPackageReference "SwiftKeys" */ = {
			isa = XCRemoteSwiftPackageReference;
			repositoryURL = "https://github.com/jordanbaird/SwiftKeys.git";
			requirement = {
				kind = upToNextMajorVersion;
				minimumVersion = 0.1.8;
			};
		};
		E9D102A229878E970045D9B0 /* XCRemoteSwiftPackageReference "LaunchAtLogin-Modern" */ = {
			isa = XCRemoteSwiftPackageReference;
			repositoryURL = "https://github.com/sindresorhus/LaunchAtLogin-Modern.git";
			requirement = {
				branch = main;
				kind = branch;
			};
		};
/* End XCRemoteSwiftPackageReference section */

/* Begin XCSwiftPackageProductDependency section */
		E902337E2988D36C00CDA6E1 /* SwiftySandboxFileAccess */ = {
			isa = XCSwiftPackageProductDependency;
			package = E902337D2988D36C00CDA6E1 /* XCRemoteSwiftPackageReference "SwiftySandboxFileAccess" */;
			productName = SwiftySandboxFileAccess;
		};
		E947E5BA298D581E00314F44 /* DTOnboarding */ = {
			isa = XCSwiftPackageProductDependency;
			package = E947E5B9298D581E00314F44 /* XCRemoteSwiftPackageReference "DTOnboarding" */;
			productName = DTOnboarding;
		};
		E9D102A029878E6A0045D9B0 /* SwiftKeys */ = {
			isa = XCSwiftPackageProductDependency;
			package = E9D1029F29878E6A0045D9B0 /* XCRemoteSwiftPackageReference "SwiftKeys" */;
			productName = SwiftKeys;
		};
		E9D102A329878E970045D9B0 /* LaunchAtLogin */ = {
			isa = XCSwiftPackageProductDependency;
			package = E9D102A229878E970045D9B0 /* XCRemoteSwiftPackageReference "LaunchAtLogin-Modern" */;
			productName = LaunchAtLogin;
		};
/* End XCSwiftPackageProductDependency section */
	};
	rootObject = E9D10277298678030045D9B0 /* Project object */;
}
