{
  "pins" : [
    {
      "identity" : "cocoalumberjack",
      "kind" : "remoteSourceControl",
      "location" : "https://github.com/CocoaLumberjack/CocoaLumberjack.git",
      "state" : {
        "revision" : "363ed23d19a931809ea834a7d722da830353806a",
        "version" : "3.8.2"
      }
    },
    {
      "identity" : "dtonboarding",
      "kind" : "remoteSourceControl",
      "location" : "https://github.com/thbonk/DTOnboarding.git",
      "state" : {
        "branch" : "master",
        "revision" : "d5cd4d430bd459b6ca66d90e3b6631a0ebf7224f"
      }
    },
    {
      "identity" : "dtpagecontrol",
      "kind" : "remoteSourceControl",
      "location" : "https://github.com/demianturner/DTPageControl",
      "state" : {
        "revision" : "87424a0cc60e1a1556fe542f42091d580f0028f3",
        "version" : "1.0.4"
      }
    },
    {
      "identity" : "hawkextensions",
      "kind" : "remoteSourceControl",
      "location" : "https://github.com/SaylorSwift/HawkExtensions",
      "state" : {
        "branch" : "main",
        "revision" : "88dfd814c549331d4924cb5bcdc904db18fd6660"
      }
    },
    {
      "identity" : "launchatlogin-modern",
      "kind" : "remoteSourceControl",
      "location" : "https://github.com/sindresorhus/LaunchAtLogin-Modern.git",
      "state" : {
        "branch" : "main",
        "revision" : "9c41991631605c8ccfe0347bbcb5c659169f2ec5"
      }
    },
    {
      "identity" : "swift-log",
      "kind" : "remoteSourceControl",
      "location" : "https://github.com/apple/swift-log.git",
      "state" : {
        "revision" : "532d8b529501fb73a2455b179e0bbb6d49b652ed",
        "version" : "1.5.3"
      }
    },
    {
      "identity" : "swiftkeys",
      "kind" : "remoteSourceControl",
      "location" : "https://github.com/jordanbaird/SwiftKeys.git",
      "state" : {
        "revision" : "af9a8a71124170e6fcc4a488d8be1937f0ed938f",
        "version" : "0.1.9"
      }
    },
    {
      "identity" : "version",
      "kind" : "remoteSourceControl",
      "location" : "https://github.com/mxcl/Version",
      "state" : {
        "revision" : "1fe824b80d89201652e7eca7c9252269a1d85e25",
        "version" : "2.0.1"
      }
    }
  ],
  "version" : 2
}
